// !$*UTF8*$!
{
	archiveVersion = 1;
	classes = {
	};
	objectVersion = 46;
	objects = {

/* Begin PBXBuildFile section */
		891E790C1B731DF9006CCB43 /* AppDelegate.swift in Sources */ = {isa = PBXBuildFile; fileRef = 891E790B1B731DF9006CCB43 /* AppDelegate.swift */; };
		891E790E1B731DF9006CCB43 /* ViewController.swift in Sources */ = {isa = PBXBuildFile; fileRef = 891E790D1B731DF9006CCB43 /* ViewController.swift */; };
		891E79111B731DF9006CCB43 /* Main.storyboard in Resources */ = {isa = PBXBuildFile; fileRef = 891E790F1B731DF9006CCB43 /* Main.storyboard */; };
		891E79131B731DF9006CCB43 /* Assets.xcassets in Resources */ = {isa = PBXBuildFile; fileRef = 891E79121B731DF9006CCB43 /* Assets.xcassets */; };
		891E79161B731DF9006CCB43 /* LaunchScreen.storyboard in Resources */ = {isa = PBXBuildFile; fileRef = 891E79141B731DF9006CCB43 /* LaunchScreen.storyboard */; };
		891E79211B731DF9006CCB43 /* Chapter1Tests.swift in Sources */ = {isa = PBXBuildFile; fileRef = 891E79201B731DF9006CCB43 /* Chapter1Tests.swift */; };
		891E792C1B731DF9006CCB43 /* Chapter1UITests.swift in Sources */ = {isa = PBXBuildFile; fileRef = 891E792B1B731DF9006CCB43 /* Chapter1UITests.swift */; };
		89CDB01F1B7B46E800C755CD /* DragView.swift in Sources */ = {isa = PBXBuildFile; fileRef = 89CDB01E1B7B46E800C755CD /* DragView.swift */; };
/* End PBXBuildFile section */

/* Begin PBXContainerItemProxy section */
		891E791D1B731DF9006CCB43 /* PBXContainerItemProxy */ = {
			isa = PBXContainerItemProxy;
			containerPortal = 891E79001B731DF9006CCB43 /* Project object */;
			proxyType = 1;
			remoteGlobalIDString = 891E79071B731DF9006CCB43;
			remoteInfo = Chapter1;
		};
		891E79281B731DF9006CCB43 /* PBXContainerItemProxy */ = {
			isa = PBXContainerItemProxy;
			containerPortal = 891E79001B731DF9006CCB43 /* Project object */;
			proxyType = 1;
			remoteGlobalIDString = 891E79071B731DF9006CCB43;
			remoteInfo = Chapter1;
		};
/* End PBXContainerItemProxy section */

/* Begin PBXFileReference section */
		891E79081B731DF9006CCB43 /* Chapter1.app */ = {isa = PBXFileReference; explicitFileType = wrapper.application; includeInIndex = 0; path = Chapter1.app; sourceTree = BUILT_PRODUCTS_DIR; };
		891E790B1B731DF9006CCB43 /* AppDelegate.swift */ = {isa = PBXFileReference; lastKnownFileType = sourcecode.swift; path = AppDelegate.swift; sourceTree = "<group>"; };
		891E790D1B731DF9006CCB43 /* ViewController.swift */ = {isa = PBXFileReference; lastKnownFileType = sourcecode.swift; path = ViewController.swift; sourceTree = "<group>"; };
		891E79101B731DF9006CCB43 /* Base */ = {isa = PBXFileReference; lastKnownFileType = file.storyboard; name = Base; path = Base.lproj/Main.storyboard; sourceTree = "<group>"; };
		891E79121B731DF9006CCB43 /* Assets.xcassets */ = {isa = PBXFileReference; lastKnownFileType = folder.assetcatalog; path = Assets.xcassets; sourceTree = "<group>"; };
		891E79151B731DF9006CCB43 /* Base */ = {isa = PBXFileReference; lastKnownFileType = file.storyboard; name = Base; path = Base.lproj/LaunchScreen.storyboard; sourceTree = "<group>"; };
		891E79171B731DF9006CCB43 /* Info.plist */ = {isa = PBXFileReference; lastKnownFileType = text.plist.xml; path = Info.plist; sourceTree = "<group>"; };
		891E791C1B731DF9006CCB43 /* Chapter1Tests.xctest */ = {isa = PBXFileReference; explicitFileType = wrapper.cfbundle; includeInIndex = 0; path = Chapter1Tests.xctest; sourceTree = BUILT_PRODUCTS_DIR; };
		891E79201B731DF9006CCB43 /* Chapter1Tests.swift */ = {isa = PBXFileReference; lastKnownFileType = sourcecode.swift; path = Chapter1Tests.swift; sourceTree = "<group>"; };
		891E79221B731DF9006CCB43 /* Info.plist */ = {isa = PBXFileReference; lastKnownFileType = text.plist.xml; path = Info.plist; sourceTree = "<group>"; };
		891E79271B731DF9006CCB43 /* Chapter1UITests.xctest */ = {isa = PBXFileReference; explicitFileType = wrapper.cfbundle; includeInIndex = 0; path = Chapter1UITests.xctest; sourceTree = BUILT_PRODUCTS_DIR; };
		891E792B1B731DF9006CCB43 /* Chapter1UITests.swift */ = {isa = PBXFileReference; lastKnownFileType = sourcecode.swift; path = Chapter1UITests.swift; sourceTree = "<group>"; };
		891E792D1B731DF9006CCB43 /* Info.plist */ = {isa = PBXFileReference; lastKnownFileType = text.plist.xml; path = Info.plist; sourceTree = "<group>"; };
		89CDB01E1B7B46E800C755CD /* DragView.swift */ = {isa = PBXFileReference; fileEncoding = 4; lastKnownFileType = sourcecode.swift; path = DragView.swift; sourceTree = "<group>"; };
/* End PBXFileReference section */

/* Begin PBXFrameworksBuildPhase section */
		891E79051B731DF9006CCB43 /* Frameworks */ = {
			isa = PBXFrameworksBuildPhase;
			buildActionMask = 2147483647;
			files = (
			);
			runOnlyForDeploymentPostprocessing = 0;
		};
		891E79191B731DF9006CCB43 /* Frameworks */ = {
			isa = PBXFrameworksBuildPhase;
			buildActionMask = 2147483647;
			files = (
			);
			runOnlyForDeploymentPostprocessing = 0;
		};
		891E79241B731DF9006CCB43 /* Frameworks */ = {
			isa = PBXFrameworksBuildPhase;
			buildActionMask = 2147483647;
			files = (
			);
			runOnlyForDeploymentPostprocessing = 0;
		};
/* End PBXFrameworksBuildPhase section */

/* Begin PBXGroup section */
		891E78FF1B731DF9006CCB43 = {
			isa = PBXGroup;
			children = (
				891E790A1B731DF9006CCB43 /* Chapter1 */,
				891E791F1B731DF9006CCB43 /* Chapter1Tests */,
				891E792A1B731DF9006CCB43 /* Chapter1UITests */,
				891E79091B731DF9006CCB43 /* Products */,
			);
			sourceTree = "<group>";
		};
		891E79091B731DF9006CCB43 /* Products */ = {
			isa = PBXGroup;
			children = (
				891E79081B731DF9006CCB43 /* Chapter1.app */,
				891E791C1B731DF9006CCB43 /* Chapter1Tests.xctest */,
				891E79271B731DF9006CCB43 /* Chapter1UITests.xctest */,
			);
			name = Products;
			sourceTree = "<group>";
		};
		891E790A1B731DF9006CCB43 /* Chapter1 */ = {
			isa = PBXGroup;
			children = (
				891E790B1B731DF9006CCB43 /* AppDelegate.swift */,
				891E790D1B731DF9006CCB43 /* ViewController.swift */,
				891E790F1B731DF9006CCB43 /* Main.storyboard */,
				891E79121B731DF9006CCB43 /* Assets.xcassets */,
				891E79141B731DF9006CCB43 /* LaunchScreen.storyboard */,
				891E79171B731DF9006CCB43 /* Info.plist */,
				89CDB01E1B7B46E800C755CD /* DragView.swift */,
			);
			path = Chapter1;
			sourceTree = "<group>";
		};
		891E791F1B731DF9006CCB43 /* Chapter1Tests */ = {
			isa = PBXGroup;
			children = (
				891E79201B731DF9006CCB43 /* Chapter1Tests.swift */,
				891E79221B731DF9006CCB43 /* Info.plist */,
			);
			path = Chapter1Tests;
			sourceTree = "<group>";
		};
		891E792A1B731DF9006CCB43 /* Chapter1UITests */ = {
			isa = PBXGroup;
			children = (
				891E792B1B731DF9006CCB43 /* Chapter1UITests.swift */,
				891E792D1B731DF9006CCB43 /* Info.plist */,
			);
			path = Chapter1UITests;
			sourceTree = "<group>";
		};
/* End PBXGroup section */

/* Begin PBXNativeTarget section */
		891E79071B731DF9006CCB43 /* Chapter1 */ = {
			isa = PBXNativeTarget;
			buildConfigurationList = 891E79301B731DF9006CCB43 /* Build configuration list for PBXNativeTarget "Chapter1" */;
			buildPhases = (
				891E79041B731DF9006CCB43 /* Sources */,
				891E79051B731DF9006CCB43 /* Frameworks */,
				891E79061B731DF9006CCB43 /* Resources */,
			);
			buildRules = (
			);
			dependencies = (
			);
			name = Chapter1;
			productName = Chapter1;
			productReference = 891E79081B731DF9006CCB43 /* Chapter1.app */;
			productType = "com.apple.product-type.application";
		};
		891E791B1B731DF9006CCB43 /* Chapter1Tests */ = {
			isa = PBXNativeTarget;
			buildConfigurationList = 891E79331B731DF9006CCB43 /* Build configuration list for PBXNativeTarget "Chapter1Tests" */;
			buildPhases = (
				891E79181B731DF9006CCB43 /* Sources */,
				891E79191B731DF9006CCB43 /* Frameworks */,
				891E791A1B731DF9006CCB43 /* Resources */,
			);
			buildRules = (
			);
			dependencies = (
				891E791E1B731DF9006CCB43 /* PBXTargetDependency */,
			);
			name = Chapter1Tests;
			productName = Chapter1Tests;
			productReference = 891E791C1B731DF9006CCB43 /* Chapter1Tests.xctest */;
			productType = "com.apple.product-type.bundle.unit-test";
		};
		891E79261B731DF9006CCB43 /* Chapter1UITests */ = {
			isa = PBXNativeTarget;
			buildConfigurationList = 891E79361B731DF9006CCB43 /* Build configuration list for PBXNativeTarget "Chapter1UITests" */;
			buildPhases = (
				891E79231B731DF9006CCB43 /* Sources */,
				891E79241B731DF9006CCB43 /* Frameworks */,
				891E79251B731DF9006CCB43 /* Resources */,
			);
			buildRules = (
			);
			dependencies = (
				891E79291B731DF9006CCB43 /* PBXTargetDependency */,
			);
			name = Chapter1UITests;
			productName = Chapter1UITests;
			productReference = 891E79271B731DF9006CCB43 /* Chapter1UITests.xctest */;
			productType = "com.apple.product-type.bundle.ui-testing";
		};
/* End PBXNativeTarget section */

/* Begin PBXProject section */
		891E79001B731DF9006CCB43 /* Project object */ = {
			isa = PBXProject;
			attributes = {
				LastUpgradeCheck = 0700;
				ORGANIZATIONNAME = hothead;
				TargetAttributes = {
					891E79071B731DF9006CCB43 = {
						CreatedOnToolsVersion = 7.0;
					};
					891E791B1B731DF9006CCB43 = {
						CreatedOnToolsVersion = 7.0;
						TestTargetID = 891E79071B731DF9006CCB43;
					};
					891E79261B731DF9006CCB43 = {
						CreatedOnToolsVersion = 7.0;
						TestTargetID = 891E79071B731DF9006CCB43;
					};
				};
			};
			buildConfigurationList = 891E79031B731DF9006CCB43 /* Build configuration list for PBXProject "Chapter1" */;
			compatibilityVersion = "Xcode 3.2";
			developmentRegion = English;
			hasScannedForEncodings = 0;
			knownRegions = (
				en,
				Base,
			);
			mainGroup = 891E78FF1B731DF9006CCB43;
			productRefGroup = 891E79091B731DF9006CCB43 /* Products */;
			projectDirPath = "";
			projectRoot = "";
			targets = (
				891E79071B731DF9006CCB43 /* Chapter1 */,
				891E791B1B731DF9006CCB43 /* Chapter1Tests */,
				891E79261B731DF9006CCB43 /* Chapter1UITests */,
			);
		};
/* End PBXProject section */

/* Begin PBXResourcesBuildPhase section */
		891E79061B731DF9006CCB43 /* Resources */ = {
			isa = PBXResourcesBuildPhase;
			buildActionMask = 2147483647;
			files = (
				891E79161B731DF9006CCB43 /* LaunchScreen.storyboard in Resources */,
				891E79131B731DF9006CCB43 /* Assets.xcassets in Resources */,
				891E79111B731DF9006CCB43 /* Main.storyboard in Resources */,
			);
			runOnlyForDeploymentPostprocessing = 0;
		};
		891E791A1B731DF9006CCB43 /* Resources */ = {
			isa = PBXResourcesBuildPhase;
			buildActionMask = 2147483647;
			files = (
			);
			runOnlyForDeploymentPostprocessing = 0;
		};
		891E79251B731DF9006CCB43 /* Resources */ = {
			isa = PBXResourcesBuildPhase;
			buildActionMask = 2147483647;
			files = (
			);
			runOnlyForDeploymentPostprocessing = 0;
		};
/* End PBXResourcesBuildPhase section */

/* Begin PBXSourcesBuildPhase section */
		891E79041B731DF9006CCB43 /* Sources */ = {
			isa = PBXSourcesBuildPhase;
			buildActionMask = 2147483647;
			files = (
				891E790E1B731DF9006CCB43 /* ViewController.swift in Sources */,
				891E790C1B731DF9006CCB43 /* AppDelegate.swift in Sources */,
				89CDB01F1B7B46E800C755CD /* DragView.swift in Sources */,
			);
			runOnlyForDeploymentPostprocessing = 0;
		};
		891E79181B731DF9006CCB43 /* Sources */ = {
			isa = PBXSourcesBuildPhase;
			buildActionMask = 2147483647;
			files = (
				891E79211B731DF9006CCB43 /* Chapter1Tests.swift in Sources */,
			);
			runOnlyForDeploymentPostprocessing = 0;
		};
		891E79231B731DF9006CCB43 /* Sources */ = {
			isa = PBXSourcesBuildPhase;
			buildActionMask = 2147483647;
			files = (
				891E792C1B731DF9006CCB43 /* Chapter1UITests.swift in Sources */,
			);
			runOnlyForDeploymentPostprocessing = 0;
		};
/* End PBXSourcesBuildPhase section */

/* Begin PBXTargetDependency section */
		891E791E1B731DF9006CCB43 /* PBXTargetDependency */ = {
			isa = PBXTargetDependency;
			target = 891E79071B731DF9006CCB43 /* Chapter1 */;
			targetProxy = 891E791D1B731DF9006CCB43 /* PBXContainerItemProxy */;
		};
		891E79291B731DF9006CCB43 /* PBXTargetDependency */ = {
			isa = PBXTargetDependency;
			target = 891E79071B731DF9006CCB43 /* Chapter1 */;
			targetProxy = 891E79281B731DF9006CCB43 /* PBXContainerItemProxy */;
		};
/* End PBXTargetDependency section */

/* Begin PBXVariantGroup section */
		891E790F1B731DF9006CCB43 /* Main.storyboard */ = {
			isa = PBXVariantGroup;
			children = (
				891E79101B731DF9006CCB43 /* Base */,
			);
			name = Main.storyboard;
			sourceTree = "<group>";
		};
		891E79141B731DF9006CCB43 /* LaunchScreen.storyboard */ = {
			isa = PBXVariantGroup;
			children = (
				891E79151B731DF9006CCB43 /* Base */,
			);
			name = LaunchScreen.storyboard;
			sourceTree = "<group>";
		};
/* End PBXVariantGroup section */

/* Begin XCBuildConfiguration section */
		891E792E1B731DF9006CCB43 /* Debug */ = {
			isa = XCBuildConfiguration;
			buildSettings = {
				ALWAYS_SEARCH_USER_PATHS = NO;
				CLANG_CXX_LANGUAGE_STANDARD = "gnu++0x";
				CLANG_CXX_LIBRARY = "libc++";
				CLANG_ENABLE_MODULES = YES;
				CLANG_ENABLE_OBJC_ARC = YES;
				CLANG_WARN_BOOL_CONVERSION = YES;
				CLANG_WARN_CONSTANT_CONVERSION = YES;
				CLANG_WARN_DIRECT_OBJC_ISA_USAGE = YES_ERROR;
				CLANG_WARN_EMPTY_BODY = YES;
				CLANG_WARN_ENUM_CONVERSION = YES;
				CLANG_WARN_INT_CONVERSION = YES;
				CLANG_WARN_OBJC_ROOT_CLASS = YES_ERROR;
				CLANG_WARN_UNREACHABLE_CODE = YES;
				CLANG_WARN__DUPLICATE_METHOD_MATCH = YES;
				"CODE_SIGN_IDENTITY[sdk=iphoneos*]" = "iPhone Developer";
				COPY_PHASE_STRIP = NO;
				DEBUG_INFORMATION_FORMAT = dwarf;
				ENABLE_STRICT_OBJC_MSGSEND = YES;
				ENABLE_TESTABILITY = YES;
				GCC_C_LANGUAGE_STANDARD = gnu99;
				GCC_DYNAMIC_NO_PIC = NO;
				GCC_NO_COMMON_BLOCKS = YES;
				GCC_OPTIMIZATION_LEVEL = 0;
				GCC_PREPROCESSOR_DEFINITIONS = (
					"DEBUG=1",
					"$(inherited)",
				);
				GCC_WARN_64_TO_32_BIT_CONVERSION = YES;
				GCC_WARN_ABOUT_RETURN_TYPE = YES_ERROR;
				GCC_WARN_UNDECLARED_SELECTOR = YES;
				GCC_WARN_UNINITIALIZED_AUTOS = YES_AGGRESSIVE;
				GCC_WARN_UNUSED_FUNCTION = YES;
				GCC_WARN_UNUSED_VARIABLE = YES;
				IPHONEOS_DEPLOYMENT_TARGET = 9.0;
				MTL_ENABLE_DEBUG_INFO = YES;
				ONLY_ACTIVE_ARCH = YES;
				SDKROOT = iphoneos;
				SWIFT_OPTIMIZATION_LEVEL = "-Onone";
			};
			name = Debug;
		};
		891E792F1B731DF9006CCB43 /* Release */ = {
			isa = XCBuildConfiguration;
			buildSettings = {
				ALWAYS_SEARCH_USER_PATHS = NO;
				CLANG_CXX_LANGUAGE_STANDARD = "gnu++0x";
				CLANG_CXX_LIBRARY = "libc++";
				CLANG_ENABLE_MODULES = YES;
				CLANG_ENABLE_OBJC_ARC = YES;
				CLANG_WARN_BOOL_CONVERSION = YES;
				CLANG_WARN_CONSTANT_CONVERSION = YES;
				CLANG_WARN_DIRECT_OBJC_ISA_USAGE = YES_ERROR;
				CLANG_WARN_EMPTY_BODY = YES;
				CLANG_WARN_ENUM_CONVERSION = YES;
				CLANG_WARN_INT_CONVERSION = YES;
				CLANG_WARN_OBJC_ROOT_CLASS = YES_ERROR;
				CLANG_WARN_UNREACHABLE_CODE = YES;
				CLANG_WARN__DUPLICATE_METHOD_MATCH = YES;
				"CODE_SIGN_IDENTITY[sdk=iphoneos*]" = "iPhone Developer";
				COPY_PHASE_STRIP = NO;
				DEBUG_INFORMATION_FORMAT = "dwarf-with-dsym";
				ENABLE_NS_ASSERTIONS = NO;
				ENABLE_STRICT_OBJC_MSGSEND = YES;
				GCC_C_LANGUAGE_STANDARD = gnu99;
				GCC_NO_COMMON_BLOCKS = YES;
				GCC_WARN_64_TO_32_BIT_CONVERSION = YES;
				GCC_WARN_ABOUT_RETURN_TYPE = YES_ERROR;
				GCC_WARN_UNDECLARED_SELECTOR = YES;
				GCC_WARN_UNINITIALIZED_AUTOS = YES_AGGRESSIVE;
				GCC_WARN_UNUSED_FUNCTION = YES;
				GCC_WARN_UNUSED_VARIABLE = YES;
				IPHONEOS_DEPLOYMENT_TARGET = 9.0;
				MTL_ENABLE_DEBUG_INFO = NO;
				SDKROOT = iphoneos;
				VALIDATE_PRODUCT = YES;
			};
			name = Release;
		};
		891E79311B731DF9006CCB43 /* Debug */ = {
			isa = XCBuildConfiguration;
			buildSettings = {
				ASSETCATALOG_COMPILER_APPICON_NAME = AppIcon;
				CODE_SIGN_IDENTITY = "iPhone Developer";
				INFOPLIST_FILE = Chapter1/Info.plist;
				LD_RUNPATH_SEARCH_PATHS = "$(inherited) @executable_path/Frameworks";
				PRODUCT_BUNDLE_IDENTIFIER = org.wendies.Chapter1;
				PRODUCT_NAME = "$(TARGET_NAME)";
			};
			name = Debug;
		};
		891E79321B731DF9006CCB43 /* Release */ = {
			isa = XCBuildConfiguration;
			buildSettings = {
				ASSETCATALOG_COMPILER_APPICON_NAME = AppIcon;
				CODE_SIGN_IDENTITY = "iPhone Developer";
				INFOPLIST_FILE = Chapter1/Info.plist;
				LD_RUNPATH_SEARCH_PATHS = "$(inherited) @executable_path/Frameworks";
				PRODUCT_BUNDLE_IDENTIFIER = org.wendies.Chapter1;
				PRODUCT_NAME = "$(TARGET_NAME)";
			};
			name = Release;
		};
		891E79341B731DF9006CCB43 /* Debug */ = {
			isa = XCBuildConfiguration;
			buildSettings = {
				BUNDLE_LOADER = "$(TEST_HOST)";
				INFOPLIST_FILE = Chapter1Tests/Info.plist;
				LD_RUNPATH_SEARCH_PATHS = "$(inherited) @executable_path/Frameworks @loader_path/Frameworks";
				PRODUCT_BUNDLE_IDENTIFIER = org.wendies.Chapter1Tests;
				PRODUCT_NAME = "$(TARGET_NAME)";
				TEST_HOST = "$(BUILT_PRODUCTS_DIR)/Chapter1.app/Chapter1";
			};
			name = Debug;
		};
		891E79351B731DF9006CCB43 /* Release */ = {
			isa = XCBuildConfiguration;
			buildSettings = {
				BUNDLE_LOADER = "$(TEST_HOST)";
				INFOPLIST_FILE = Chapter1Tests/Info.plist;
				LD_RUNPATH_SEARCH_PATHS = "$(inherited) @executable_path/Frameworks @loader_path/Frameworks";
				PRODUCT_BUNDLE_IDENTIFIER = org.wendies.Chapter1Tests;
				PRODUCT_NAME = "$(TARGET_NAME)";
				TEST_HOST = "$(BUILT_PRODUCTS_DIR)/Chapter1.app/Chapter1";
			};
			name = Release;
		};
		891E79371B731DF9006CCB43 /* Debug */ = {
			isa = XCBuildConfiguration;
			buildSettings = {
				INFOPLIST_FILE = Chapter1UITests/Info.plist;
				LD_RUNPATH_SEARCH_PATHS = "$(inherited) @executable_path/Frameworks @loader_path/Frameworks";
				PRODUCT_BUNDLE_IDENTIFIER = org.wendies.Chapter1UITests;
				PRODUCT_NAME = "$(TARGET_NAME)";
				TEST_TARGET_NAME = Chapter1;
				USES_XCTRUNNER = YES;
			};
			name = Debug;
		};
		891E79381B731DF9006CCB43 /* Release */ = {
			isa = XCBuildConfiguration;
			buildSettings = {
				INFOPLIST_FILE = Chapter1UITests/Info.plist;
				LD_RUNPATH_SEARCH_PATHS = "$(inherited) @executable_path/Frameworks @loader_path/Frameworks";
				PRODUCT_BUNDLE_IDENTIFIER = org.wendies.Chapter1UITests;
				PRODUCT_NAME = "$(TARGET_NAME)";
				TEST_TARGET_NAME = Chapter1;
				USES_XCTRUNNER = YES;
			};
			name = Release;
		};
/* End XCBuildConfiguration section */

/* Begin XCConfigurationList section */
		891E79031B731DF9006CCB43 /* Build configuration list for PBXProject "Chapter1" */ = {
			isa = XCConfigurationList;
			buildConfigurations = (
				891E792E1B731DF9006CCB43 /* Debug */,
				891E792F1B731DF9006CCB43 /* Release */,
			);
			defaultConfigurationIsVisible = 0;
			defaultConfigurationName = Release;
		};
		891E79301B731DF9006CCB43 /* Build configuration list for PBXNativeTarget "Chapter1" */ = {
			isa = XCConfigurationList;
			buildConfigurations = (
				891E79311B731DF9006CCB43 /* Debug */,
				891E79321B731DF9006CCB43 /* Release */,
			);
			defaultConfigurationIsVisible = 0;
			defaultConfigurationName = Release;
		};
		891E79331B731DF9006CCB43 /* Build configuration list for PBXNativeTarget "Chapter1Tests" */ = {
			isa = XCConfigurationList;
			buildConfigurations = (
				891E79341B731DF9006CCB43 /* Debug */,
				891E79351B731DF9006CCB43 /* Release */,
			);
			defaultConfigurationIsVisible = 0;
			defaultConfigurationName = Release;
		};
		891E79361B731DF9006CCB43 /* Build configuration list for PBXNativeTarget "Chapter1UITests" */ = {
			isa = XCConfigurationList;
			buildConfigurations = (
				891E79371B731DF9006CCB43 /* Debug */,
				891E79381B731DF9006CCB43 /* Release */,
			);
			defaultConfigurationIsVisible = 0;
			defaultConfigurationName = Release;
		};
/* End XCConfigurationList section */
	};
	rootObject = 891E79001B731DF9006CCB43 /* Project object */;
}
