// !$*UTF8*$!
{
	archiveVersion = 1;
	classes = {
	};
	objectVersion = 46;
	objects = {

/* Begin PBXBuildFile section */
		8991EAB31C6C72B400C602D5 /* main.m in Sources */ = {isa = PBXBuildFile; fileRef = 8991EAB21C6C72B400C602D5 /* main.m */; };
		8991EAB61C6C72B400C602D5 /* AppDelegate.m in Sources */ = {isa = PBXBuildFile; fileRef = 8991EAB51C6C72B400C602D5 /* AppDelegate.m */; };
		8991EAB91C6C72B400C602D5 /* ViewController.m in Sources */ = {isa = PBXBuildFile; fileRef = 8991EAB81C6C72B400C602D5 /* ViewController.m */; };
		8991EABC1C6C72B400C602D5 /* Main.storyboard in Resources */ = {isa = PBXBuildFile; fileRef = 8991EABA1C6C72B400C602D5 /* Main.storyboard */; };
		8991EABE1C6C72B400C602D5 /* Assets.xcassets in Resources */ = {isa = PBXBuildFile; fileRef = 8991EABD1C6C72B400C602D5 /* Assets.xcassets */; };
		8991EAC11C6C72B400C602D5 /* LaunchScreen.storyboard in Resources */ = {isa = PBXBuildFile; fileRef = 8991EABF1C6C72B400C602D5 /* LaunchScreen.storyboard */; };
		8991EACA1C6C72C700C602D5 /* Test.m in Sources */ = {isa = PBXBuildFile; fileRef = 8991EAC91C6C72C600C602D5 /* Test.m */; };
		8991EACC1C6C731800C602D5 /* Test.xib in Resources */ = {isa = PBXBuildFile; fileRef = 8991EACB1C6C731800C602D5 /* Test.xib */; };
/* End PBXBuildFile section */

/* Begin PBXFileReference section */
		8991EAAE1C6C72B400C602D5 /* Test.app */ = {isa = PBXFileReference; explicitFileType = wrapper.application; includeInIndex = 0; path = Test.app; sourceTree = BUILT_PRODUCTS_DIR; };
		8991EAB21C6C72B400C602D5 /* main.m */ = {isa = PBXFileReference; lastKnownFileType = sourcecode.c.objc; path = main.m; sourceTree = "<group>"; };
		8991EAB41C6C72B400C602D5 /* AppDelegate.h */ = {isa = PBXFileReference; lastKnownFileType = sourcecode.c.h; path = AppDelegate.h; sourceTree = "<group>"; };
		8991EAB51C6C72B400C602D5 /* AppDelegate.m */ = {isa = PBXFileReference; lastKnownFileType = sourcecode.c.objc; path = AppDelegate.m; sourceTree = "<group>"; };
		8991EAB71C6C72B400C602D5 /* ViewController.h */ = {isa = PBXFileReference; lastKnownFileType = sourcecode.c.h; path = ViewController.h; sourceTree = "<group>"; };
		8991EAB81C6C72B400C602D5 /* ViewController.m */ = {isa = PBXFileReference; lastKnownFileType = sourcecode.c.objc; path = ViewController.m; sourceTree = "<group>"; };
		8991EABB1C6C72B400C602D5 /* Base */ = {isa = PBXFileReference; lastKnownFileType = file.storyboard; name = Base; path = Base.lproj/Main.storyboard; sourceTree = "<group>"; };
		8991EABD1C6C72B400C602D5 /* Assets.xcassets */ = {isa = PBXFileReference; lastKnownFileType = folder.assetcatalog; path = Assets.xcassets; sourceTree = "<group>"; };
		8991EAC01C6C72B400C602D5 /* Base */ = {isa = PBXFileReference; lastKnownFileType = file.storyboard; name = Base; path = Base.lproj/LaunchScreen.storyboard; sourceTree = "<group>"; };
		8991EAC21C6C72B400C602D5 /* Info.plist */ = {isa = PBXFileReference; lastKnownFileType = text.plist.xml; path = Info.plist; sourceTree = "<group>"; };
		8991EAC81C6C72C600C602D5 /* Test.h */ = {isa = PBXFileReference; fileEncoding = 4; lastKnownFileType = sourcecode.c.h; path = Test.h; sourceTree = "<group>"; };
		8991EAC91C6C72C600C602D5 /* Test.m */ = {isa = PBXFileReference; fileEncoding = 4; lastKnownFileType = sourcecode.c.objc; path = Test.m; sourceTree = "<group>"; };
		8991EACB1C6C731800C602D5 /* Test.xib */ = {isa = PBXFileReference; fileEncoding = 4; lastKnownFileType = file.xib; path = Test.xib; sourceTree = "<group>"; };
/* End PBXFileReference section */

/* Begin PBXFrameworksBuildPhase section */
		8991EAAB1C6C72B400C602D5 /* Frameworks */ = {
			isa = PBXFrameworksBuildPhase;
			buildActionMask = 2147483647;
			files = (
			);
			runOnlyForDeploymentPostprocessing = 0;
		};
/* End PBXFrameworksBuildPhase section */

/* Begin PBXGroup section */
		8991EAA51C6C72B400C602D5 = {
			isa = PBXGroup;
			children = (
				8991EAB01C6C72B400C602D5 /* Test */,
				8991EAAF1C6C72B400C602D5 /* Products */,
			);
			sourceTree = "<group>";
		};
		8991EAAF1C6C72B400C602D5 /* Products */ = {
			isa = PBXGroup;
			children = (
				8991EAAE1C6C72B400C602D5 /* Test.app */,
			);
			name = Products;
			sourceTree = "<group>";
		};
		8991EAB01C6C72B400C602D5 /* Test */ = {
			isa = PBXGroup;
			children = (
				8991EAB41C6C72B400C602D5 /* AppDelegate.h */,
				8991EAB51C6C72B400C602D5 /* AppDelegate.m */,
				8991EAB71C6C72B400C602D5 /* ViewController.h */,
				8991EAB81C6C72B400C602D5 /* ViewController.m */,
				8991EABA1C6C72B400C602D5 /* Main.storyboard */,
				8991EABD1C6C72B400C602D5 /* Assets.xcassets */,
				8991EABF1C6C72B400C602D5 /* LaunchScreen.storyboard */,
				8991EAC21C6C72B400C602D5 /* Info.plist */,
				8991EAB11C6C72B400C602D5 /* Supporting Files */,
				8991EAC81C6C72C600C602D5 /* Test.h */,
				8991EAC91C6C72C600C602D5 /* Test.m */,
				8991EACB1C6C731800C602D5 /* Test.xib */,
			);
			path = Test;
			sourceTree = "<group>";
		};
		8991EAB11C6C72B400C602D5 /* Supporting Files */ = {
			isa = PBXGroup;
			children = (
				8991EAB21C6C72B400C602D5 /* main.m */,
			);
			name = "Supporting Files";
			sourceTree = "<group>";
		};
/* End PBXGroup section */

/* Begin PBXNativeTarget section */
		8991EAAD1C6C72B400C602D5 /* Test */ = {
			isa = PBXNativeTarget;
			buildConfigurationList = 8991EAC51C6C72B400C602D5 /* Build configuration list for PBXNativeTarget "Test" */;
			buildPhases = (
				8991EAAA1C6C72B400C602D5 /* Sources */,
				8991EAAB1C6C72B400C602D5 /* Frameworks */,
				8991EAAC1C6C72B400C602D5 /* Resources */,
			);
			buildRules = (
			);
			dependencies = (
			);
			name = Test;
			productName = Test;
			productReference = 8991EAAE1C6C72B400C602D5 /* Test.app */;
			productType = "com.apple.product-type.application";
		};
/* End PBXNativeTarget section */

/* Begin PBXProject section */
		8991EAA61C6C72B400C602D5 /* Project object */ = {
			isa = PBXProject;
			attributes = {
				LastUpgradeCheck = 0720;
				ORGANIZATIONNAME = hothead;
				TargetAttributes = {
					8991EAAD1C6C72B400C602D5 = {
						CreatedOnToolsVersion = 7.2.1;
					};
				};
			};
			buildConfigurationList = 8991EAA91C6C72B400C602D5 /* Build configuration list for PBXProject "Test" */;
			compatibilityVersion = "Xcode 3.2";
			developmentRegion = English;
			hasScannedForEncodings = 0;
			knownRegions = (
				en,
				Base,
			);
			mainGroup = 8991EAA51C6C72B400C602D5;
			productRefGroup = 8991EAAF1C6C72B400C602D5 /* Products */;
			projectDirPath = "";
			projectRoot = "";
			targets = (
				8991EAAD1C6C72B400C602D5 /* Test */,
			);
		};
/* End PBXProject section */

/* Begin PBXResourcesBuildPhase section */
		8991EAAC1C6C72B400C602D5 /* Resources */ = {
			isa = PBXResourcesBuildPhase;
			buildActionMask = 2147483647;
			files = (
				8991EAC11C6C72B400C602D5 /* LaunchScreen.storyboard in Resources */,
				8991EACC1C6C731800C602D5 /* Test.xib in Resources */,
				8991EABE1C6C72B400C602D5 /* Assets.xcassets in Resources */,
				8991EABC1C6C72B400C602D5 /* Main.storyboard in Resources */,
			);
			runOnlyForDeploymentPostprocessing = 0;
		};
/* End PBXResourcesBuildPhase section */

/* Begin PBXSourcesBuildPhase section */
		8991EAAA1C6C72B400C602D5 /* Sources */ = {
			isa = PBXSourcesBuildPhase;
			buildActionMask = 2147483647;
			files = (
				8991EAB91C6C72B400C602D5 /* ViewController.m in Sources */,
				8991EACA1C6C72C700C602D5 /* Test.m in Sources */,
				8991EAB61C6C72B400C602D5 /* AppDelegate.m in Sources */,
				8991EAB31C6C72B400C602D5 /* main.m in Sources */,
			);
			runOnlyForDeploymentPostprocessing = 0;
		};
/* End PBXSourcesBuildPhase section */

/* Begin PBXVariantGroup section */
		8991EABA1C6C72B400C602D5 /* Main.storyboard */ = {
			isa = PBXVariantGroup;
			children = (
				8991EABB1C6C72B400C602D5 /* Base */,
			);
			name = Main.storyboard;
			sourceTree = "<group>";
		};
		8991EABF1C6C72B400C602D5 /* LaunchScreen.storyboard */ = {
			isa = PBXVariantGroup;
			children = (
				8991EAC01C6C72B400C602D5 /* Base */,
			);
			name = LaunchScreen.storyboard;
			sourceTree = "<group>";
		};
/* End PBXVariantGroup section */

/* Begin XCBuildConfiguration section */
		8991EAC31C6C72B400C602D5 /* Debug */ = {
			isa = XCBuildConfiguration;
			buildSettings = {
				ALWAYS_SEARCH_USER_PATHS = NO;
				CLANG_CXX_LANGUAGE_STANDARD = "gnu++0x";
				CLANG_CXX_LIBRARY = "libc++";
				CLANG_ENABLE_MODULES = YES;
				CLANG_ENABLE_OBJC_ARC = YES;
				CLANG_WARN_BOOL_CONVERSION = YES;
				CLANG_WARN_CONSTANT_CONVERSION = YES;
				CLANG_WARN_DIRECT_OBJC_ISA_USAGE = YES_ERROR;
				CLANG_WARN_EMPTY_BODY = YES;
				CLANG_WARN_ENUM_CONVERSION = YES;
				CLANG_WARN_INT_CONVERSION = YES;
				CLANG_WARN_OBJC_ROOT_CLASS = YES_ERROR;
				CLANG_WARN_UNREACHABLE_CODE = YES;
				CLANG_WARN__DUPLICATE_METHOD_MATCH = YES;
				"CODE_SIGN_IDENTITY[sdk=iphoneos*]" = "iPhone Developer";
				COPY_PHASE_STRIP = NO;
				DEBUG_INFORMATION_FORMAT = dwarf;
				ENABLE_STRICT_OBJC_MSGSEND = YES;
				ENABLE_TESTABILITY = YES;
				GCC_C_LANGUAGE_STANDARD = gnu99;
				GCC_DYNAMIC_NO_PIC = NO;
				GCC_NO_COMMON_BLOCKS = YES;
				GCC_OPTIMIZATION_LEVEL = 0;
				GCC_PREPROCESSOR_DEFINITIONS = (
					"DEBUG=1",
					"$(inherited)",
				);
				GCC_WARN_64_TO_32_BIT_CONVERSION = YES;
				GCC_WARN_ABOUT_RETURN_TYPE = YES_ERROR;
				GCC_WARN_UNDECLARED_SELECTOR = YES;
				GCC_WARN_UNINITIALIZED_AUTOS = YES_AGGRESSIVE;
				GCC_WARN_UNUSED_FUNCTION = YES;
				GCC_WARN_UNUSED_VARIABLE = YES;
				IPHONEOS_DEPLOYMENT_TARGET = 9.2;
				MTL_ENABLE_DEBUG_INFO = YES;
				ONLY_ACTIVE_ARCH = YES;
				SDKROOT = iphoneos;
			};
			name = Debug;
		};
		8991EAC41C6C72B400C602D5 /* Release */ = {
			isa = XCBuildConfiguration;
			buildSettings = {
				ALWAYS_SEARCH_USER_PATHS = NO;
				CLANG_CXX_LANGUAGE_STANDARD = "gnu++0x";
				CLANG_CXX_LIBRARY = "libc++";
				CLANG_ENABLE_MODULES = YES;
				CLANG_ENABLE_OBJC_ARC = YES;
				CLANG_WARN_BOOL_CONVERSION = YES;
				CLANG_WARN_CONSTANT_CONVERSION = YES;
				CLANG_WARN_DIRECT_OBJC_ISA_USAGE = YES_ERROR;
				CLANG_WARN_EMPTY_BODY = YES;
				CLANG_WARN_ENUM_CONVERSION = YES;
				CLANG_WARN_INT_CONVERSION = YES;
				CLANG_WARN_OBJC_ROOT_CLASS = YES_ERROR;
				CLANG_WARN_UNREACHABLE_CODE = YES;
				CLANG_WARN__DUPLICATE_METHOD_MATCH = YES;
				"CODE_SIGN_IDENTITY[sdk=iphoneos*]" = "iPhone Developer";
				COPY_PHASE_STRIP = NO;
				DEBUG_INFORMATION_FORMAT = "dwarf-with-dsym";
				ENABLE_NS_ASSERTIONS = NO;
				ENABLE_STRICT_OBJC_MSGSEND = YES;
				GCC_C_LANGUAGE_STANDARD = gnu99;
				GCC_NO_COMMON_BLOCKS = YES;
				GCC_WARN_64_TO_32_BIT_CONVERSION = YES;
				GCC_WARN_ABOUT_RETURN_TYPE = YES_ERROR;
				GCC_WARN_UNDECLARED_SELECTOR = YES;
				GCC_WARN_UNINITIALIZED_AUTOS = YES_AGGRESSIVE;
				GCC_WARN_UNUSED_FUNCTION = YES;
				GCC_WARN_UNUSED_VARIABLE = YES;
				IPHONEOS_DEPLOYMENT_TARGET = 9.2;
				MTL_ENABLE_DEBUG_INFO = NO;
				SDKROOT = iphoneos;
				VALIDATE_PRODUCT = YES;
			};
			name = Release;
		};
		8991EAC61C6C72B400C602D5 /* Debug */ = {
			isa = XCBuildConfiguration;
			buildSettings = {
				ASSETCATALOG_COMPILER_APPICON_NAME = AppIcon;
				INFOPLIST_FILE = Test/Info.plist;
				LD_RUNPATH_SEARCH_PATHS = "$(inherited) @executable_path/Frameworks";
				PRODUCT_BUNDLE_IDENTIFIER = org.wendies.hothead.Test;
				PRODUCT_NAME = "$(TARGET_NAME)";
			};
			name = Debug;
		};
		8991EAC71C6C72B400C602D5 /* Release */ = {
			isa = XCBuildConfiguration;
			buildSettings = {
				ASSETCATALOG_COMPILER_APPICON_NAME = AppIcon;
				INFOPLIST_FILE = Test/Info.plist;
				LD_RUNPATH_SEARCH_PATHS = "$(inherited) @executable_path/Frameworks";
				PRODUCT_BUNDLE_IDENTIFIER = org.wendies.hothead.Test;
				PRODUCT_NAME = "$(TARGET_NAME)";
			};
			name = Release;
		};
/* End XCBuildConfiguration section */

/* Begin XCConfigurationList section */
		8991EAA91C6C72B400C602D5 /* Build configuration list for PBXProject "Test" */ = {
			isa = XCConfigurationList;
			buildConfigurations = (
				8991EAC31C6C72B400C602D5 /* Debug */,
				8991EAC41C6C72B400C602D5 /* Release */,
			);
			defaultConfigurationIsVisible = 0;
			defaultConfigurationName = Release;
		};
		8991EAC51C6C72B400C602D5 /* Build configuration list for PBXNativeTarget "Test" */ = {
			isa = XCConfigurationList;
			buildConfigurations = (
				8991EAC61C6C72B400C602D5 /* Debug */,
				8991EAC71C6C72B400C602D5 /* Release */,
			);
			defaultConfigurationIsVisible = 0;
		};
/* End XCConfigurationList section */
	};
	rootObject = 8991EAA61C6C72B400C602D5 /* Project object */;
}
