// !$*UTF8*$!
{
	archiveVersion = 1;
	classes = {
	};
	objectVersion = 46;
	objects = {

/* Begin PBXBuildFile section */
		89374FDE1B9FC72D006C882A /* main.m in Sources */ = {isa = PBXBuildFile; fileRef = 89374FDD1B9FC72D006C882A /* main.m */; };
		89374FE11B9FC72D006C882A /* AppDelegate.m in Sources */ = {isa = PBXBuildFile; fileRef = 89374FE01B9FC72D006C882A /* AppDelegate.m */; };
		89374FE41B9FC72D006C882A /* ViewController.m in Sources */ = {isa = PBXBuildFile; fileRef = 89374FE31B9FC72D006C882A /* ViewController.m */; };
		89374FE71B9FC72D006C882A /* Main.storyboard in Resources */ = {isa = PBXBuildFile; fileRef = 89374FE51B9FC72D006C882A /* Main.storyboard */; };
		89374FE91B9FC72D006C882A /* Images.xcassets in Resources */ = {isa = PBXBuildFile; fileRef = 89374FE81B9FC72D006C882A /* Images.xcassets */; };
		89374FEC1B9FC72D006C882A /* LaunchScreen.xib in Resources */ = {isa = PBXBuildFile; fileRef = 89374FEA1B9FC72D006C882A /* LaunchScreen.xib */; };
		89374FF81B9FC72D006C882A /* SimpleAttributedTextTests.m in Sources */ = {isa = PBXBuildFile; fileRef = 89374FF71B9FC72D006C882A /* SimpleAttributedTextTests.m */; };
/* End PBXBuildFile section */

/* Begin PBXContainerItemProxy section */
		89374FF21B9FC72D006C882A /* PBXContainerItemProxy */ = {
			isa = PBXContainerItemProxy;
			containerPortal = 89374FD01B9FC72D006C882A /* Project object */;
			proxyType = 1;
			remoteGlobalIDString = 89374FD71B9FC72D006C882A;
			remoteInfo = SimpleAttributedText;
		};
/* End PBXContainerItemProxy section */

/* Begin PBXFileReference section */
		89374FD81B9FC72D006C882A /* SimpleAttributedText.app */ = {isa = PBXFileReference; explicitFileType = wrapper.application; includeInIndex = 0; path = SimpleAttributedText.app; sourceTree = BUILT_PRODUCTS_DIR; };
		89374FDC1B9FC72D006C882A /* Info.plist */ = {isa = PBXFileReference; lastKnownFileType = text.plist.xml; path = Info.plist; sourceTree = "<group>"; };
		89374FDD1B9FC72D006C882A /* main.m */ = {isa = PBXFileReference; lastKnownFileType = sourcecode.c.objc; path = main.m; sourceTree = "<group>"; };
		89374FDF1B9FC72D006C882A /* AppDelegate.h */ = {isa = PBXFileReference; lastKnownFileType = sourcecode.c.h; path = AppDelegate.h; sourceTree = "<group>"; };
		89374FE01B9FC72D006C882A /* AppDelegate.m */ = {isa = PBXFileReference; lastKnownFileType = sourcecode.c.objc; path = AppDelegate.m; sourceTree = "<group>"; };
		89374FE21B9FC72D006C882A /* ViewController.h */ = {isa = PBXFileReference; lastKnownFileType = sourcecode.c.h; path = ViewController.h; sourceTree = "<group>"; };
		89374FE31B9FC72D006C882A /* ViewController.m */ = {isa = PBXFileReference; lastKnownFileType = sourcecode.c.objc; path = ViewController.m; sourceTree = "<group>"; };
		89374FE61B9FC72D006C882A /* Base */ = {isa = PBXFileReference; lastKnownFileType = file.storyboard; name = Base; path = Base.lproj/Main.storyboard; sourceTree = "<group>"; };
		89374FE81B9FC72D006C882A /* Images.xcassets */ = {isa = PBXFileReference; lastKnownFileType = folder.assetcatalog; path = Images.xcassets; sourceTree = "<group>"; };
		89374FEB1B9FC72D006C882A /* Base */ = {isa = PBXFileReference; lastKnownFileType = file.xib; name = Base; path = Base.lproj/LaunchScreen.xib; sourceTree = "<group>"; };
		89374FF11B9FC72D006C882A /* SimpleAttributedTextTests.xctest */ = {isa = PBXFileReference; explicitFileType = wrapper.cfbundle; includeInIndex = 0; path = SimpleAttributedTextTests.xctest; sourceTree = BUILT_PRODUCTS_DIR; };
		89374FF61B9FC72D006C882A /* Info.plist */ = {isa = PBXFileReference; lastKnownFileType = text.plist.xml; path = Info.plist; sourceTree = "<group>"; };
		89374FF71B9FC72D006C882A /* SimpleAttributedTextTests.m */ = {isa = PBXFileReference; lastKnownFileType = sourcecode.c.objc; path = SimpleAttributedTextTests.m; sourceTree = "<group>"; };
/* End PBXFileReference section */

/* Begin PBXFrameworksBuildPhase section */
		89374FD51B9FC72D006C882A /* Frameworks */ = {
			isa = PBXFrameworksBuildPhase;
			buildActionMask = 2147483647;
			files = (
			);
			runOnlyForDeploymentPostprocessing = 0;
		};
		89374FEE1B9FC72D006C882A /* Frameworks */ = {
			isa = PBXFrameworksBuildPhase;
			buildActionMask = 2147483647;
			files = (
			);
			runOnlyForDeploymentPostprocessing = 0;
		};
/* End PBXFrameworksBuildPhase section */

/* Begin PBXGroup section */
		89374FCF1B9FC72D006C882A = {
			isa = PBXGroup;
			children = (
				89374FDA1B9FC72D006C882A /* SimpleAttributedText */,
				89374FF41B9FC72D006C882A /* SimpleAttributedTextTests */,
				89374FD91B9FC72D006C882A /* Products */,
			);
			sourceTree = "<group>";
		};
		89374FD91B9FC72D006C882A /* Products */ = {
			isa = PBXGroup;
			children = (
				89374FD81B9FC72D006C882A /* SimpleAttributedText.app */,
				89374FF11B9FC72D006C882A /* SimpleAttributedTextTests.xctest */,
			);
			name = Products;
			sourceTree = "<group>";
		};
		89374FDA1B9FC72D006C882A /* SimpleAttributedText */ = {
			isa = PBXGroup;
			children = (
				89374FDF1B9FC72D006C882A /* AppDelegate.h */,
				89374FE01B9FC72D006C882A /* AppDelegate.m */,
				89374FE21B9FC72D006C882A /* ViewController.h */,
				89374FE31B9FC72D006C882A /* ViewController.m */,
				89374FE51B9FC72D006C882A /* Main.storyboard */,
				89374FE81B9FC72D006C882A /* Images.xcassets */,
				89374FEA1B9FC72D006C882A /* LaunchScreen.xib */,
				89374FDB1B9FC72D006C882A /* Supporting Files */,
			);
			path = SimpleAttributedText;
			sourceTree = "<group>";
		};
		89374FDB1B9FC72D006C882A /* Supporting Files */ = {
			isa = PBXGroup;
			children = (
				89374FDC1B9FC72D006C882A /* Info.plist */,
				89374FDD1B9FC72D006C882A /* main.m */,
			);
			name = "Supporting Files";
			sourceTree = "<group>";
		};
		89374FF41B9FC72D006C882A /* SimpleAttributedTextTests */ = {
			isa = PBXGroup;
			children = (
				89374FF71B9FC72D006C882A /* SimpleAttributedTextTests.m */,
				89374FF51B9FC72D006C882A /* Supporting Files */,
			);
			path = SimpleAttributedTextTests;
			sourceTree = "<group>";
		};
		89374FF51B9FC72D006C882A /* Supporting Files */ = {
			isa = PBXGroup;
			children = (
				89374FF61B9FC72D006C882A /* Info.plist */,
			);
			name = "Supporting Files";
			sourceTree = "<group>";
		};
/* End PBXGroup section */

/* Begin PBXNativeTarget section */
		89374FD71B9FC72D006C882A /* SimpleAttributedText */ = {
			isa = PBXNativeTarget;
			buildConfigurationList = 89374FFB1B9FC72D006C882A /* Build configuration list for PBXNativeTarget "SimpleAttributedText" */;
			buildPhases = (
				89374FD41B9FC72D006C882A /* Sources */,
				89374FD51B9FC72D006C882A /* Frameworks */,
				89374FD61B9FC72D006C882A /* Resources */,
			);
			buildRules = (
			);
			dependencies = (
			);
			name = SimpleAttributedText;
			productName = SimpleAttributedText;
			productReference = 89374FD81B9FC72D006C882A /* SimpleAttributedText.app */;
			productType = "com.apple.product-type.application";
		};
		89374FF01B9FC72D006C882A /* SimpleAttributedTextTests */ = {
			isa = PBXNativeTarget;
			buildConfigurationList = 89374FFE1B9FC72D006C882A /* Build configuration list for PBXNativeTarget "SimpleAttributedTextTests" */;
			buildPhases = (
				89374FED1B9FC72D006C882A /* Sources */,
				89374FEE1B9FC72D006C882A /* Frameworks */,
				89374FEF1B9FC72D006C882A /* Resources */,
			);
			buildRules = (
			);
			dependencies = (
				89374FF31B9FC72D006C882A /* PBXTargetDependency */,
			);
			name = SimpleAttributedTextTests;
			productName = SimpleAttributedTextTests;
			productReference = 89374FF11B9FC72D006C882A /* SimpleAttributedTextTests.xctest */;
			productType = "com.apple.product-type.bundle.unit-test";
		};
/* End PBXNativeTarget section */

/* Begin PBXProject section */
		89374FD01B9FC72D006C882A /* Project object */ = {
			isa = PBXProject;
			attributes = {
				LastUpgradeCheck = 0640;
				ORGANIZATIONNAME = hothead;
				TargetAttributes = {
					89374FD71B9FC72D006C882A = {
						CreatedOnToolsVersion = 6.4;
					};
					89374FF01B9FC72D006C882A = {
						CreatedOnToolsVersion = 6.4;
						TestTargetID = 89374FD71B9FC72D006C882A;
					};
				};
			};
			buildConfigurationList = 89374FD31B9FC72D006C882A /* Build configuration list for PBXProject "SimpleAttributedText" */;
			compatibilityVersion = "Xcode 3.2";
			developmentRegion = English;
			hasScannedForEncodings = 0;
			knownRegions = (
				en,
				Base,
			);
			mainGroup = 89374FCF1B9FC72D006C882A;
			productRefGroup = 89374FD91B9FC72D006C882A /* Products */;
			projectDirPath = "";
			projectRoot = "";
			targets = (
				89374FD71B9FC72D006C882A /* SimpleAttributedText */,
				89374FF01B9FC72D006C882A /* SimpleAttributedTextTests */,
			);
		};
/* End PBXProject section */

/* Begin PBXResourcesBuildPhase section */
		89374FD61B9FC72D006C882A /* Resources */ = {
			isa = PBXResourcesBuildPhase;
			buildActionMask = 2147483647;
			files = (
				89374FE71B9FC72D006C882A /* Main.storyboard in Resources */,
				89374FEC1B9FC72D006C882A /* LaunchScreen.xib in Resources */,
				89374FE91B9FC72D006C882A /* Images.xcassets in Resources */,
			);
			runOnlyForDeploymentPostprocessing = 0;
		};
		89374FEF1B9FC72D006C882A /* Resources */ = {
			isa = PBXResourcesBuildPhase;
			buildActionMask = 2147483647;
			files = (
			);
			runOnlyForDeploymentPostprocessing = 0;
		};
/* End PBXResourcesBuildPhase section */

/* Begin PBXSourcesBuildPhase section */
		89374FD41B9FC72D006C882A /* Sources */ = {
			isa = PBXSourcesBuildPhase;
			buildActionMask = 2147483647;
			files = (
				89374FE41B9FC72D006C882A /* ViewController.m in Sources */,
				89374FE11B9FC72D006C882A /* AppDelegate.m in Sources */,
				89374FDE1B9FC72D006C882A /* main.m in Sources */,
			);
			runOnlyForDeploymentPostprocessing = 0;
		};
		89374FED1B9FC72D006C882A /* Sources */ = {
			isa = PBXSourcesBuildPhase;
			buildActionMask = 2147483647;
			files = (
				89374FF81B9FC72D006C882A /* SimpleAttributedTextTests.m in Sources */,
			);
			runOnlyForDeploymentPostprocessing = 0;
		};
/* End PBXSourcesBuildPhase section */

/* Begin PBXTargetDependency section */
		89374FF31B9FC72D006C882A /* PBXTargetDependency */ = {
			isa = PBXTargetDependency;
			target = 89374FD71B9FC72D006C882A /* SimpleAttributedText */;
			targetProxy = 89374FF21B9FC72D006C882A /* PBXContainerItemProxy */;
		};
/* End PBXTargetDependency section */

/* Begin PBXVariantGroup section */
		89374FE51B9FC72D006C882A /* Main.storyboard */ = {
			isa = PBXVariantGroup;
			children = (
				89374FE61B9FC72D006C882A /* Base */,
			);
			name = Main.storyboard;
			sourceTree = "<group>";
		};
		89374FEA1B9FC72D006C882A /* LaunchScreen.xib */ = {
			isa = PBXVariantGroup;
			children = (
				89374FEB1B9FC72D006C882A /* Base */,
			);
			name = LaunchScreen.xib;
			sourceTree = "<group>";
		};
/* End PBXVariantGroup section */

/* Begin XCBuildConfiguration section */
		89374FF91B9FC72D006C882A /* Debug */ = {
			isa = XCBuildConfiguration;
			buildSettings = {
				ALWAYS_SEARCH_USER_PATHS = NO;
				CLANG_CXX_LANGUAGE_STANDARD = "gnu++0x";
				CLANG_CXX_LIBRARY = "libc++";
				CLANG_ENABLE_MODULES = YES;
				CLANG_ENABLE_OBJC_ARC = YES;
				CLANG_WARN_BOOL_CONVERSION = YES;
				CLANG_WARN_CONSTANT_CONVERSION = YES;
				CLANG_WARN_DIRECT_OBJC_ISA_USAGE = YES_ERROR;
				CLANG_WARN_EMPTY_BODY = YES;
				CLANG_WARN_ENUM_CONVERSION = YES;
				CLANG_WARN_INT_CONVERSION = YES;
				CLANG_WARN_OBJC_ROOT_CLASS = YES_ERROR;
				CLANG_WARN_UNREACHABLE_CODE = YES;
				CLANG_WARN__DUPLICATE_METHOD_MATCH = YES;
				"CODE_SIGN_IDENTITY[sdk=iphoneos*]" = "iPhone Developer";
				COPY_PHASE_STRIP = NO;
				DEBUG_INFORMATION_FORMAT = "dwarf-with-dsym";
				ENABLE_STRICT_OBJC_MSGSEND = YES;
				GCC_C_LANGUAGE_STANDARD = gnu99;
				GCC_DYNAMIC_NO_PIC = NO;
				GCC_NO_COMMON_BLOCKS = YES;
				GCC_OPTIMIZATION_LEVEL = 0;
				GCC_PREPROCESSOR_DEFINITIONS = (
					"DEBUG=1",
					"$(inherited)",
				);
				GCC_SYMBOLS_PRIVATE_EXTERN = NO;
				GCC_WARN_64_TO_32_BIT_CONVERSION = YES;
				GCC_WARN_ABOUT_RETURN_TYPE = YES_ERROR;
				GCC_WARN_UNDECLARED_SELECTOR = YES;
				GCC_WARN_UNINITIALIZED_AUTOS = YES_AGGRESSIVE;
				GCC_WARN_UNUSED_FUNCTION = YES;
				GCC_WARN_UNUSED_VARIABLE = YES;
				IPHONEOS_DEPLOYMENT_TARGET = 8.4;
				MTL_ENABLE_DEBUG_INFO = YES;
				ONLY_ACTIVE_ARCH = YES;
				SDKROOT = iphoneos;
			};
			name = Debug;
		};
		89374FFA1B9FC72D006C882A /* Release */ = {
			isa = XCBuildConfiguration;
			buildSettings = {
				ALWAYS_SEARCH_USER_PATHS = NO;
				CLANG_CXX_LANGUAGE_STANDARD = "gnu++0x";
				CLANG_CXX_LIBRARY = "libc++";
				CLANG_ENABLE_MODULES = YES;
				CLANG_ENABLE_OBJC_ARC = YES;
				CLANG_WARN_BOOL_CONVERSION = YES;
				CLANG_WARN_CONSTANT_CONVERSION = YES;
				CLANG_WARN_DIRECT_OBJC_ISA_USAGE = YES_ERROR;
				CLANG_WARN_EMPTY_BODY = YES;
				CLANG_WARN_ENUM_CONVERSION = YES;
				CLANG_WARN_INT_CONVERSION = YES;
				CLANG_WARN_OBJC_ROOT_CLASS = YES_ERROR;
				CLANG_WARN_UNREACHABLE_CODE = YES;
				CLANG_WARN__DUPLICATE_METHOD_MATCH = YES;
				"CODE_SIGN_IDENTITY[sdk=iphoneos*]" = "iPhone Developer";
				COPY_PHASE_STRIP = NO;
				DEBUG_INFORMATION_FORMAT = "dwarf-with-dsym";
				ENABLE_NS_ASSERTIONS = NO;
				ENABLE_STRICT_OBJC_MSGSEND = YES;
				GCC_C_LANGUAGE_STANDARD = gnu99;
				GCC_NO_COMMON_BLOCKS = YES;
				GCC_WARN_64_TO_32_BIT_CONVERSION = YES;
				GCC_WARN_ABOUT_RETURN_TYPE = YES_ERROR;
				GCC_WARN_UNDECLARED_SELECTOR = YES;
				GCC_WARN_UNINITIALIZED_AUTOS = YES_AGGRESSIVE;
				GCC_WARN_UNUSED_FUNCTION = YES;
				GCC_WARN_UNUSED_VARIABLE = YES;
				IPHONEOS_DEPLOYMENT_TARGET = 8.4;
				MTL_ENABLE_DEBUG_INFO = NO;
				SDKROOT = iphoneos;
				VALIDATE_PRODUCT = YES;
			};
			name = Release;
		};
		89374FFC1B9FC72D006C882A /* Debug */ = {
			isa = XCBuildConfiguration;
			buildSettings = {
				ASSETCATALOG_COMPILER_APPICON_NAME = AppIcon;
				INFOPLIST_FILE = SimpleAttributedText/Info.plist;
				LD_RUNPATH_SEARCH_PATHS = "$(inherited) @executable_path/Frameworks";
				PRODUCT_NAME = "$(TARGET_NAME)";
			};
			name = Debug;
		};
		89374FFD1B9FC72D006C882A /* Release */ = {
			isa = XCBuildConfiguration;
			buildSettings = {
				ASSETCATALOG_COMPILER_APPICON_NAME = AppIcon;
				INFOPLIST_FILE = SimpleAttributedText/Info.plist;
				LD_RUNPATH_SEARCH_PATHS = "$(inherited) @executable_path/Frameworks";
				PRODUCT_NAME = "$(TARGET_NAME)";
			};
			name = Release;
		};
		89374FFF1B9FC72D006C882A /* Debug */ = {
			isa = XCBuildConfiguration;
			buildSettings = {
				BUNDLE_LOADER = "$(TEST_HOST)";
				FRAMEWORK_SEARCH_PATHS = (
					"$(SDKROOT)/Developer/Library/Frameworks",
					"$(inherited)",
				);
				GCC_PREPROCESSOR_DEFINITIONS = (
					"DEBUG=1",
					"$(inherited)",
				);
				INFOPLIST_FILE = SimpleAttributedTextTests/Info.plist;
				LD_RUNPATH_SEARCH_PATHS = "$(inherited) @executable_path/Frameworks @loader_path/Frameworks";
				PRODUCT_NAME = "$(TARGET_NAME)";
				TEST_HOST = "$(BUILT_PRODUCTS_DIR)/SimpleAttributedText.app/SimpleAttributedText";
			};
			name = Debug;
		};
		893750001B9FC72D006C882A /* Release */ = {
			isa = XCBuildConfiguration;
			buildSettings = {
				BUNDLE_LOADER = "$(TEST_HOST)";
				FRAMEWORK_SEARCH_PATHS = (
					"$(SDKROOT)/Developer/Library/Frameworks",
					"$(inherited)",
				);
				INFOPLIST_FILE = SimpleAttributedTextTests/Info.plist;
				LD_RUNPATH_SEARCH_PATHS = "$(inherited) @executable_path/Frameworks @loader_path/Frameworks";
				PRODUCT_NAME = "$(TARGET_NAME)";
				TEST_HOST = "$(BUILT_PRODUCTS_DIR)/SimpleAttributedText.app/SimpleAttributedText";
			};
			name = Release;
		};
/* End XCBuildConfiguration section */

/* Begin XCConfigurationList section */
		89374FD31B9FC72D006C882A /* Build configuration list for PBXProject "SimpleAttributedText" */ = {
			isa = XCConfigurationList;
			buildConfigurations = (
				89374FF91B9FC72D006C882A /* Debug */,
				89374FFA1B9FC72D006C882A /* Release */,
			);
			defaultConfigurationIsVisible = 0;
			defaultConfigurationName = Release;
		};
		89374FFB1B9FC72D006C882A /* Build configuration list for PBXNativeTarget "SimpleAttributedText" */ = {
			isa = XCConfigurationList;
			buildConfigurations = (
				89374FFC1B9FC72D006C882A /* Debug */,
				89374FFD1B9FC72D006C882A /* Release */,
			);
			defaultConfigurationIsVisible = 0;
		};
		89374FFE1B9FC72D006C882A /* Build configuration list for PBXNativeTarget "SimpleAttributedTextTests" */ = {
			isa = XCConfigurationList;
			buildConfigurations = (
				89374FFF1B9FC72D006C882A /* Debug */,
				893750001B9FC72D006C882A /* Release */,
			);
			defaultConfigurationIsVisible = 0;
		};
/* End XCConfigurationList section */
	};
	rootObject = 89374FD01B9FC72D006C882A /* Project object */;
}
