// !$*UTF8*$!
{
	archiveVersion = 1;
	classes = {
	};
	objectVersion = 46;
	objects = {

/* Begin PBXBuildFile section */
		89A63E211C5EEF9C000D7085 /* main.m in Sources */ = {isa = PBXBuildFile; fileRef = 89A63E201C5EEF9C000D7085 /* main.m */; };
/* End PBXBuildFile section */

/* Begin PBXCopyFilesBuildPhase section */
		89A63E1B1C5EEF9C000D7085 /* CopyFiles */ = {
			isa = PBXCopyFilesBuildPhase;
			buildActionMask = 2147483647;
			dstPath = /usr/share/man/man1/;
			dstSubfolderSpec = 0;
			files = (
			);
			runOnlyForDeploymentPostprocessing = 1;
		};
/* End PBXCopyFilesBuildPhase section */

/* Begin PBXFileReference section */
		89A63E1D1C5EEF9C000D7085 /* InspectingCoreAudio'sFileFormatSupport */ = {isa = PBXFileReference; explicitFileType = "compiled.mach-o.executable"; includeInIndex = 0; path = "InspectingCoreAudio'sFileFormatSupport"; sourceTree = BUILT_PRODUCTS_DIR; };
		89A63E201C5EEF9C000D7085 /* main.m */ = {isa = PBXFileReference; lastKnownFileType = sourcecode.c.objc; path = main.m; sourceTree = "<group>"; };
/* End PBXFileReference section */

/* Begin PBXFrameworksBuildPhase section */
		89A63E1A1C5EEF9C000D7085 /* Frameworks */ = {
			isa = PBXFrameworksBuildPhase;
			buildActionMask = 2147483647;
			files = (
			);
			runOnlyForDeploymentPostprocessing = 0;
		};
/* End PBXFrameworksBuildPhase section */

/* Begin PBXGroup section */
		89A63E141C5EEF9C000D7085 = {
			isa = PBXGroup;
			children = (
				89A63E1F1C5EEF9C000D7085 /* InspectingCoreAudio'sFileFormatSupport */,
				89A63E1E1C5EEF9C000D7085 /* Products */,
			);
			sourceTree = "<group>";
		};
		89A63E1E1C5EEF9C000D7085 /* Products */ = {
			isa = PBXGroup;
			children = (
				89A63E1D1C5EEF9C000D7085 /* InspectingCoreAudio'sFileFormatSupport */,
			);
			name = Products;
			sourceTree = "<group>";
		};
		89A63E1F1C5EEF9C000D7085 /* InspectingCoreAudio'sFileFormatSupport */ = {
			isa = PBXGroup;
			children = (
				89A63E201C5EEF9C000D7085 /* main.m */,
			);
			path = "InspectingCoreAudio'sFileFormatSupport";
			sourceTree = "<group>";
		};
/* End PBXGroup section */

/* Begin PBXNativeTarget section */
		89A63E1C1C5EEF9C000D7085 /* InspectingCoreAudio'sFileFormatSupport */ = {
			isa = PBXNativeTarget;
			buildConfigurationList = 89A63E241C5EEF9C000D7085 /* Build configuration list for PBXNativeTarget "InspectingCoreAudio'sFileFormatSupport" */;
			buildPhases = (
				89A63E191C5EEF9C000D7085 /* Sources */,
				89A63E1A1C5EEF9C000D7085 /* Frameworks */,
				89A63E1B1C5EEF9C000D7085 /* CopyFiles */,
			);
			buildRules = (
			);
			dependencies = (
			);
			name = "InspectingCoreAudio'sFileFormatSupport";
			productName = "InspectingCoreAudio'sFileFormatSupport";
			productReference = 89A63E1D1C5EEF9C000D7085 /* InspectingCoreAudio'sFileFormatSupport */;
			productType = "com.apple.product-type.tool";
		};
/* End PBXNativeTarget section */

/* Begin PBXProject section */
		89A63E151C5EEF9C000D7085 /* Project object */ = {
			isa = PBXProject;
			attributes = {
				LastUpgradeCheck = 0720;
				ORGANIZATIONNAME = hothead;
				TargetAttributes = {
					89A63E1C1C5EEF9C000D7085 = {
						CreatedOnToolsVersion = 7.2;
					};
				};
			};
			buildConfigurationList = 89A63E181C5EEF9C000D7085 /* Build configuration list for PBXProject "InspectingCoreAudio'sFileFormatSupport" */;
			compatibilityVersion = "Xcode 3.2";
			developmentRegion = English;
			hasScannedForEncodings = 0;
			knownRegions = (
				en,
			);
			mainGroup = 89A63E141C5EEF9C000D7085;
			productRefGroup = 89A63E1E1C5EEF9C000D7085 /* Products */;
			projectDirPath = "";
			projectRoot = "";
			targets = (
				89A63E1C1C5EEF9C000D7085 /* InspectingCoreAudio'sFileFormatSupport */,
			);
		};
/* End PBXProject section */

/* Begin PBXSourcesBuildPhase section */
		89A63E191C5EEF9C000D7085 /* Sources */ = {
			isa = PBXSourcesBuildPhase;
			buildActionMask = 2147483647;
			files = (
				89A63E211C5EEF9C000D7085 /* main.m in Sources */,
			);
			runOnlyForDeploymentPostprocessing = 0;
		};
/* End PBXSourcesBuildPhase section */

/* Begin XCBuildConfiguration section */
		89A63E221C5EEF9C000D7085 /* Debug */ = {
			isa = XCBuildConfiguration;
			buildSettings = {
				ALWAYS_SEARCH_USER_PATHS = NO;
				CLANG_CXX_LANGUAGE_STANDARD = "gnu++0x";
				CLANG_CXX_LIBRARY = "libc++";
				CLANG_ENABLE_MODULES = YES;
				CLANG_ENABLE_OBJC_ARC = YES;
				CLANG_WARN_BOOL_CONVERSION = YES;
				CLANG_WARN_CONSTANT_CONVERSION = YES;
				CLANG_WARN_DIRECT_OBJC_ISA_USAGE = YES_ERROR;
				CLANG_WARN_EMPTY_BODY = YES;
				CLANG_WARN_ENUM_CONVERSION = YES;
				CLANG_WARN_INT_CONVERSION = YES;
				CLANG_WARN_OBJC_ROOT_CLASS = YES_ERROR;
				CLANG_WARN_UNREACHABLE_CODE = YES;
				CLANG_WARN__DUPLICATE_METHOD_MATCH = YES;
				CODE_SIGN_IDENTITY = "-";
				COPY_PHASE_STRIP = NO;
				DEBUG_INFORMATION_FORMAT = dwarf;
				ENABLE_STRICT_OBJC_MSGSEND = YES;
				ENABLE_TESTABILITY = YES;
				GCC_C_LANGUAGE_STANDARD = gnu99;
				GCC_DYNAMIC_NO_PIC = NO;
				GCC_NO_COMMON_BLOCKS = YES;
				GCC_OPTIMIZATION_LEVEL = 0;
				GCC_PREPROCESSOR_DEFINITIONS = (
					"DEBUG=1",
					"$(inherited)",
				);
				GCC_WARN_64_TO_32_BIT_CONVERSION = YES;
				GCC_WARN_ABOUT_RETURN_TYPE = YES_ERROR;
				GCC_WARN_UNDECLARED_SELECTOR = YES;
				GCC_WARN_UNINITIALIZED_AUTOS = YES_AGGRESSIVE;
				GCC_WARN_UNUSED_FUNCTION = YES;
				GCC_WARN_UNUSED_VARIABLE = YES;
				MACOSX_DEPLOYMENT_TARGET = 10.11;
				MTL_ENABLE_DEBUG_INFO = YES;
				ONLY_ACTIVE_ARCH = YES;
				SDKROOT = macosx;
			};
			name = Debug;
		};
		89A63E231C5EEF9C000D7085 /* Release */ = {
			isa = XCBuildConfiguration;
			buildSettings = {
				ALWAYS_SEARCH_USER_PATHS = NO;
				CLANG_CXX_LANGUAGE_STANDARD = "gnu++0x";
				CLANG_CXX_LIBRARY = "libc++";
				CLANG_ENABLE_MODULES = YES;
				CLANG_ENABLE_OBJC_ARC = YES;
				CLANG_WARN_BOOL_CONVERSION = YES;
				CLANG_WARN_CONSTANT_CONVERSION = YES;
				CLANG_WARN_DIRECT_OBJC_ISA_USAGE = YES_ERROR;
				CLANG_WARN_EMPTY_BODY = YES;
				CLANG_WARN_ENUM_CONVERSION = YES;
				CLANG_WARN_INT_CONVERSION = YES;
				CLANG_WARN_OBJC_ROOT_CLASS = YES_ERROR;
				CLANG_WARN_UNREACHABLE_CODE = YES;
				CLANG_WARN__DUPLICATE_METHOD_MATCH = YES;
				CODE_SIGN_IDENTITY = "-";
				COPY_PHASE_STRIP = NO;
				DEBUG_INFORMATION_FORMAT = "dwarf-with-dsym";
				ENABLE_NS_ASSERTIONS = NO;
				ENABLE_STRICT_OBJC_MSGSEND = YES;
				GCC_C_LANGUAGE_STANDARD = gnu99;
				GCC_NO_COMMON_BLOCKS = YES;
				GCC_WARN_64_TO_32_BIT_CONVERSION = YES;
				GCC_WARN_ABOUT_RETURN_TYPE = YES_ERROR;
				GCC_WARN_UNDECLARED_SELECTOR = YES;
				GCC_WARN_UNINITIALIZED_AUTOS = YES_AGGRESSIVE;
				GCC_WARN_UNUSED_FUNCTION = YES;
				GCC_WARN_UNUSED_VARIABLE = YES;
				MACOSX_DEPLOYMENT_TARGET = 10.11;
				MTL_ENABLE_DEBUG_INFO = NO;
				SDKROOT = macosx;
			};
			name = Release;
		};
		89A63E251C5EEF9C000D7085 /* Debug */ = {
			isa = XCBuildConfiguration;
			buildSettings = {
				PRODUCT_NAME = "$(TARGET_NAME)";
			};
			name = Debug;
		};
		89A63E261C5EEF9C000D7085 /* Release */ = {
			isa = XCBuildConfiguration;
			buildSettings = {
				PRODUCT_NAME = "$(TARGET_NAME)";
			};
			name = Release;
		};
/* End XCBuildConfiguration section */

/* Begin XCConfigurationList section */
		89A63E181C5EEF9C000D7085 /* Build configuration list for PBXProject "InspectingCoreAudio'sFileFormatSupport" */ = {
			isa = XCConfigurationList;
			buildConfigurations = (
				89A63E221C5EEF9C000D7085 /* Debug */,
				89A63E231C5EEF9C000D7085 /* Release */,
			);
			defaultConfigurationIsVisible = 0;
			defaultConfigurationName = Release;
		};
		89A63E241C5EEF9C000D7085 /* Build configuration list for PBXNativeTarget "InspectingCoreAudio'sFileFormatSupport" */ = {
			isa = XCConfigurationList;
			buildConfigurations = (
				89A63E251C5EEF9C000D7085 /* Debug */,
				89A63E261C5EEF9C000D7085 /* Release */,
			);
			defaultConfigurationIsVisible = 0;
		};
/* End XCConfigurationList section */
	};
	rootObject = 89A63E151C5EEF9C000D7085 /* Project object */;
}
